
Microsoft Visual Studio Solution File, Format Version 12.00
# Visual Studio Version 17
VisualStudioVersion = 17.3.32825.248
MinimumVisualStudioVersion = 10.0.40219.1
Project("{FAE04EC0-301F-11D3-BF4B-00C04F79EFBC}") = "VacationGTP", "VacationGTP\VacationGTP.csproj", "{5D95FCAC-6CA6-4C16-BC4F-360C6D69D9DC}"
EndProject
Global
	GlobalSection(SolutionConfigurationPlatforms) = preSolution
		Debug|Any CPU = Debug|Any CPU
		Release|Any CPU = Release|Any CPU
	EndGlobalSection
	GlobalSection(ProjectConfigurationPlatforms) = postSolution
		{5D95FCAC-6CA6-4C16-BC4F-360C6D69D9DC}.Debug|Any CPU.ActiveCfg = Debug|Any CPU
		{5D95FCAC-6CA6-4C16-BC4F-360C6D69D9DC}.Debug|Any CPU.Build.0 = Debug|Any CPU
		{5D95FCAC-6CA6-4C16-BC4F-360C6D69D9DC}.Release|Any CPU.ActiveCfg = Release|Any CPU
		{5D95FCAC-6CA6-4C16-BC4F-360C6D69D9DC}.Release|Any CPU.Build.0 = Release|Any CPU
	EndGlobalSection
	GlobalSection(SolutionProperties) = preSolution
		HideSolutionNode = FALSE
	EndGlobalSection
	GlobalSection(ExtensibilityGlobals) = postSolution
		SolutionGuid = {D2E94E28-ED96-4324-B134-46E0B420492A}
	EndGlobalSection
EndGlobal
